{"1.2.0",
[{<<"cowboy">>,{pkg,<<"cowboy">>,<<"2.18.0">>},0},
 {<<"cowlib">>,{pkg,<<"cowlib">>,<<"2.19.0">>},1},
 {<<"jose">>,{pkg,<<"jose">>,<<"1.11.12">>},0},
 {<<"jsx">>,{pkg,<<"jsx">>,<<"3.1.0">>},0},
 {<<"mysql">>,{pkg,<<"mysql">>,<<"1.8.0">>},0},
 {<<"ranch">>,{pkg,<<"ranch">>,<<"2.2.1">>},1}]}.
[
{pkg_hash,[
 {<<"cowboy">>, <<"BFF388EB4D6356CB3F88C26E65B515976BF04B401B805D31550C3E60EBA8FE18">>},
 {<<"cowlib">>, <<"C9D11C9D035472E27A740C9F327786C61ED209269B4BE0260D59D3EC07B8949F">>},
 {<<"jose">>, <<"06E62B467B61D3726CBC19E9B5489F7549C37993DE846DFB3EE8259F9ED208B3">>},
 {<<"jsx">>, <<"D12516BAA0BB23A59BB35DCCAF02A1BD08243FCBB9EFE24F2D9D056CCFF71268">>},
 {<<"mysql">>, <<"0E4BBCF701B7D8EA5C3750F220F26323C0FC18B844960988BE196B33A8A9F3C1">>},
 {<<"ranch">>, <<"FC2BB0E800EFBEAB8FF82EB325450B9C08653B14C3F69E8B09BBEA304973105D">>}]},
{pkg_hash_ext,[
 {<<"cowboy">>, <<"62D0B26ABCF455054972B0DA242389C69D5982CE5914AFB8C344517F667B9600">>},
 {<<"cowlib">>, <<"6DC66E3135B229193EA4DCB14294E79520C923D391315C9C962EF0B4BEA72356">>},
 {<<"jose">>, <<"31E92B653E9210B696765CDD885437457DE1ADD2A9011D92F8CF63E4641BAB7B">>},
 {<<"jsx">>, <<"0C5CC8FDC11B53CC25CF65AC6705AD39E54ECC56D1C22E4ADB8F5A53FB9427F3">>},
 {<<"mysql">>, <<"D473C479C19E5CDE20237458EEAD6673C3C00E0EF84AFD30615AEBBB67FEE7B3">>},
 {<<"ranch">>, <<"55F05CCE20EC2DA1D90DE5D5981AFB93DBFC01325FC7E933189AA5C62F037C24">>}]}
].
